
Microsoft Visual Studio Solution File, Format Version 11.00
# Visual Studio 2010
Project("{FAE04EC0-301F-11D3-BF4B-00C04F79EFBC}") = "NeverSpace", "NeverSpace.csproj", "{C78FEAA5-FA5C-487F-A9FC-83FD7C87A51A}"
EndProject
Global
	GlobalSection(SolutionConfigurationPlatforms) = preSolution
		Debug|x86 = Debug|x86
		Release|x86 = Release|x86
	EndGlobalSection
	GlobalSection(ProjectConfigurationPlatforms) = postSolution
		{C78FEAA5-FA5C-487F-A9FC-83FD7C87A51A}.Debug|x86.ActiveCfg = Debug|x86
		{C78FEAA5-FA5C-487F-A9FC-83FD7C87A51A}.Debug|x86.Build.0 = Debug|x86
		{C78FEAA5-FA5C-487F-A9FC-83FD7C87A51A}.Release|x86.ActiveCfg = Release|x86
		{C78FEAA5-FA5C-487F-A9FC-83FD7C87A51A}.Release|x86.Build.0 = Release|x86
	EndGlobalSection
	GlobalSection(SolutionProperties) = preSolution
		HideSolutionNode = FALSE
	EndGlobalSection
EndGlobal
